{
  "version": 4,
  "terraform_version": "1.12.2",
  "serial": 32,
  "lineage": "fc089d44-729c-f7d0-d045-76c043bc982c",
  "outputs": {
    "codebuild_project_name": {
      "value": "commercial-manager-build",
      "type": "string"
    },
    "codepipeline_url": {
      "value": "https://us-east-1.console.aws.amazon.com/codesuite/codepipeline/pipelines/commercial-manager-pipeline/view?region=us-east-1",
      "type": "string"
    },
    "ecr_repository_url": {
      "value": "077784309645.dkr.ecr.us-east-1.amazonaws.com/commercial-manager-repository",
      "type": "string"
    }
  },
  "resources": [
    {
      "module": "module.codepipeline",
      "mode": "data",
      "type": "aws_caller_identity",
      "name": "current",
      "provider": "provider[\"registry.terraform.io/hashicorp/aws\"]",
      "instances": [
        {
          "schema_version": 0,
          "attributes": {
            "account_id": "077784309645",
            "arn": "arn:aws:iam::077784309645:user/tt-terraform-deployer",
            "id": "077784309645",
            "user_id": "AIDAREHCOL6G6GSBDPA6N"
          },
          "sensitive_attributes": [],
          "identity_schema_version": 0
        }
      ]
    },
    {
      "module": "module.codepipeline",
      "mode": "managed",
      "type": "aws_codebuild_project",
      "name": "app_build",
      "provider": "provider[\"registry.terraform.io/hashicorp/aws\"]",
      "instances": [
        {
          "schema_version": 0,
          "attributes": {
            "arn": "arn:aws:codebuild:us-east-1:077784309645:project/commercial-manager-build",
            "artifacts": [
              {
                "artifact_identifier": "",
                "bucket_owner_access": "",
                "encryption_disabled": false,
                "location": "",
                "name": "build-output",
                "namespace_type": "",
                "override_artifact_name": false,
                "packaging": "NONE",
                "path": "",
                "type": "CODEPIPELINE"
              }
            ],
            "badge_enabled": false,
            "badge_url": "",
            "build_batch_config": [],
            "build_timeout": 5,
            "cache": [
              {
                "location": "",
                "modes": [],
                "type": "NO_CACHE"
              }
            ],
            "concurrent_build_limit": 0,
            "description": "Builds Docker image and pushes to ECR",
            "encryption_key": "arn:aws:kms:us-east-1:077784309645:alias/aws/s3",
            "environment": [
              {
                "certificate": "",
                "compute_type": "BUILD_GENERAL1_SMALL",
                "docker_server": [],
                "environment_variable": [
                  {
                    "name": "AWS_ACCOUNT_ID",
                    "type": "PLAINTEXT",
                    "value": "077784309645"
                  },
                  {
                    "name": "AWS_REGION",
                    "type": "PLAINTEXT",
                    "value": "us-east-1"
                  },
                  {
                    "name": "ECR_REPOSITORY_URI",
                    "type": "PLAINTEXT",
                    "value": "077784309645.dkr.ecr.us-east-1.amazonaws.com/commercial-manager-repository"
                  },
                  {
                    "name": "IMAGE_TAG",
                    "type": "PLAINTEXT",
                    "value": "latest"
                  }
                ],
                "fleet": [],
                "image": "aws/codebuild/standard:5.0",
                "image_pull_credentials_type": "CODEBUILD",
                "privileged_mode": true,
                "registry_credential": [],
                "type": "LINUX_CONTAINER"
              }
            ],
            "file_system_locations": [],
            "id": "arn:aws:codebuild:us-east-1:077784309645:project/commercial-manager-build",
            "logs_config": [
              {
                "cloudwatch_logs": [
                  {
                    "group_name": "",
                    "status": "ENABLED",
                    "stream_name": ""
                  }
                ],
                "s3_logs": [
                  {
                    "bucket_owner_access": "",
                    "encryption_disabled": false,
                    "location": "",
                    "status": "DISABLED"
                  }
                ]
              }
            ],
            "name": "commercial-manager-build",
            "project_visibility": "PRIVATE",
            "public_project_alias": "",
            "queued_timeout": 480,
            "region": "us-east-1",
            "resource_access_role": "",
            "secondary_artifacts": [],
            "secondary_source_version": [],
            "secondary_sources": [],
            "service_role": "arn:aws:iam::077784309645:role/commercial-manager-codebuild-role",
            "source": [
              {
                "auth": [],
                "build_status_config": [],
                "buildspec": "buildspec.yml",
                "git_clone_depth": 0,
                "git_submodules_config": [],
                "insecure_ssl": false,
                "location": "",
                "report_build_status": false,
                "type": "CODEPIPELINE"
              }
            ],
            "source_version": "",
            "tags": {
              "Project": "commercial-manager"
            },
            "tags_all": {
              "Project": "commercial-manager"
            },
            "vpc_config": []
          },
          "sensitive_attributes": [],
          "identity_schema_version": 0,
          "identity": {
            "arn": "arn:aws:codebuild:us-east-1:077784309645:project/commercial-manager-build"
          },
          "private": "bnVsbA==",
          "dependencies": [
            "module.codepipeline.aws_iam_role.codebuild_role",
            "module.codepipeline.data.aws_caller_identity.current",
            "module.ecr.aws_ecr_repository.app_repo"
          ]
        }
      ]
    },
    {
      "module": "module.codepipeline",
      "mode": "managed",
      "type": "aws_codepipeline",
      "name": "app_pipeline",
      "provider": "provider[\"registry.terraform.io/hashicorp/aws\"]",
      "instances": [
        {
          "schema_version": 0,
          "attributes": {
            "arn": "arn:aws:codepipeline:us-east-1:077784309645:commercial-manager-pipeline",
            "artifact_store": [
              {
                "encryption_key": [],
                "location": "commercial-manager-codepipeline-artifacts-us-east-1",
                "region": "",
                "type": "S3"
              }
            ],
            "execution_mode": "SUPERSEDED",
            "id": "commercial-manager-pipeline",
            "name": "commercial-manager-pipeline",
            "pipeline_type": "V1",
            "region": "us-east-1",
            "role_arn": "arn:aws:iam::077784309645:role/commercial-manager-codepipeline-role",
            "stage": [
              {
                "action": [
                  {
                    "category": "Source",
                    "configuration": {
                      "BranchName": "main",
                      "ConnectionArn": "arn:aws:codeconnections:us-east-2:077784309645:connection/27d89f46-7cb6-40c2-a55e-327dda887d75",
                      "FullRepositoryId": "sarazapatasaldarriaga/commercial_manager"
                    },
                    "input_artifacts": [],
                    "name": "Source",
                    "namespace": "",
                    "output_artifacts": [
                      "source_output"
                    ],
                    "owner": "AWS",
                    "provider": "CodeStarSourceConnection",
                    "region": "",
                    "role_arn": "",
                    "run_order": 1,
                    "timeout_in_minutes": 0,
                    "version": "1"
                  }
                ],
                "before_entry": [],
                "name": "Source",
                "on_failure": [],
                "on_success": []
              },
              {
                "action": [
                  {
                    "category": "Build",
                    "configuration": {
                      "ProjectName": "commercial-manager-build"
                    },
                    "input_artifacts": [
                      "source_output"
                    ],
                    "name": "BuildAndPush",
                    "namespace": "",
                    "output_artifacts": [
                      "build_output"
                    ],
                    "owner": "AWS",
                    "provider": "CodeBuild",
                    "region": "",
                    "role_arn": "",
                    "run_order": 1,
                    "timeout_in_minutes": 0,
                    "version": "1"
                  }
                ],
                "before_entry": [],
                "name": "Build",
                "on_failure": [],
                "on_success": []
              }
            ],
            "tags": {
              "Project": "commercial-manager"
            },
            "tags_all": {
              "Project": "commercial-manager"
            },
            "trigger": [],
            "trigger_all": [],
            "variable": []
          },
          "sensitive_attributes": [],
          "identity_schema_version": 0,
          "private": "bnVsbA==",
          "dependencies": [
            "module.codepipeline.aws_codebuild_project.app_build",
            "module.codepipeline.aws_iam_role.codebuild_role",
            "module.codepipeline.aws_iam_role.codepipeline_role",
            "module.codepipeline.aws_s3_bucket.codepipeline_artifacts",
            "module.codepipeline.data.aws_caller_identity.current",
            "module.ecr.aws_ecr_repository.app_repo"
          ]
        }
      ]
    },
    {
      "module": "module.codepipeline",
      "mode": "managed",
      "type": "aws_iam_role",
      "name": "codebuild_role",
      "provider": "provider[\"registry.terraform.io/hashicorp/aws\"]",
      "instances": [
        {
          "schema_version": 0,
          "attributes": {
            "arn": "arn:aws:iam::077784309645:role/commercial-manager-codebuild-role",
            "assume_role_policy": "{\"Statement\":[{\"Action\":\"sts:AssumeRole\",\"Effect\":\"Allow\",\"Principal\":{\"Service\":\"codebuild.amazonaws.com\"}}],\"Version\":\"2012-10-17\"}",
            "create_date": "2025-08-11T22:48:31Z",
            "description": "",
            "force_detach_policies": false,
            "id": "commercial-manager-codebuild-role",
            "inline_policy": [
              {
                "name": "commercial-manager-codebuild-policy",
                "policy": "{\"Version\":\"2012-10-17\",\"Statement\":[{\"Action\":[\"logs:CreateLogGroup\",\"logs:CreateLogStream\",\"logs:PutLogEvents\"],\"Effect\":\"Allow\",\"Resource\":\"arn:aws:logs:us-east-1:077784309645:log-group:/aws/codebuild/commercial-manager-build:*\"},{\"Action\":[\"s3:GetObject\",\"s3:PutObject\",\"s3:GetBucketVersioning\",\"s3:ListBucket\"],\"Effect\":\"Allow\",\"Resource\":[\"arn:aws:s3:::commercial-manager-codepipeline-artifacts-us-east-1\",\"arn:aws:s3:::commercial-manager-codepipeline-artifacts-us-east-1/*\"]},{\"Action\":[\"ecr:GetDownloadUrlForLayer\",\"ecr:BatchGetImage\",\"ecr:BatchCheckLayerAvailability\",\"ecr:PutImage\",\"ecr:InitiateLayerUpload\",\"ecr:UploadLayerPart\",\"ecr:CompleteLayerUpload\",\"ecr:GetAuthorizationToken\"],\"Effect\":\"Allow\",\"Resource\":\"arn:aws:ecr:us-east-1:077784309645:repository/commercial-manager-repository\"}]}"
              }
            ],
            "managed_policy_arns": [],
            "max_session_duration": 3600,
            "name": "commercial-manager-codebuild-role",
            "name_prefix": "",
            "path": "/",
            "permissions_boundary": "",
            "tags": {},
            "tags_all": {},
            "unique_id": "AROAREHCOL6GX7NFWDYJG"
          },
          "sensitive_attributes": [],
          "identity_schema_version": 0,
          "identity": {
            "account_id": "077784309645",
            "name": "commercial-manager-codebuild-role"
          },
          "private": "bnVsbA=="
        }
      ]
    },
    {
      "module": "module.codepipeline",
      "mode": "managed",
      "type": "aws_iam_role",
      "name": "codepipeline_role",
      "provider": "provider[\"registry.terraform.io/hashicorp/aws\"]",
      "instances": [
        {
          "schema_version": 0,
          "attributes": {
            "arn": "arn:aws:iam::077784309645:role/commercial-manager-codepipeline-role",
            "assume_role_policy": "{\"Statement\":[{\"Action\":\"sts:AssumeRole\",\"Effect\":\"Allow\",\"Principal\":{\"Service\":\"codepipeline.amazonaws.com\"}}],\"Version\":\"2012-10-17\"}",
            "create_date": "2025-08-11T22:48:31Z",
            "description": "",
            "force_detach_policies": false,
            "id": "commercial-manager-codepipeline-role",
            "inline_policy": [
              {
                "name": "commercial-manager-codepipeline-policy",
                "policy": "{\"Version\":\"2012-10-17\",\"Statement\":[{\"Action\":[\"s3:GetObject\",\"s3:PutObject\",\"s3:PutObjectAcl\",\"s3:GetBucketVersioning\",\"s3:ListBucket\"],\"Effect\":\"Allow\",\"Resource\":[\"arn:aws:s3:::commercial-manager-codepipeline-artifacts-us-east-1\",\"arn:aws:s3:::commercial-manager-codepipeline-artifacts-us-east-1/*\"]},{\"Action\":[\"codebuild:BatchGetBuilds\",\"codebuild:StartBuild\"],\"Effect\":\"Allow\",\"Resource\":\"arn:aws:codebuild:us-east-1:077784309645:project/commercial-manager-build\"},{\"Action\":[\"ecr:GetDownloadUrlForLayer\",\"ecr:BatchGetImage\",\"ecr:BatchCheckLayerAvailability\",\"ecr:PutImage\",\"ecr:InitiateLayerUpload\",\"ecr:UploadLayerPart\",\"ecr:CompleteLayerUpload\",\"ecr:GetAuthorizationToken\"],\"Effect\":\"Allow\",\"Resource\":\"arn:aws:ecr:us-east-1:077784309645:repository/commercial-manager-repository\"},{\"Action\":[\"codestar-connections:UseConnection\"],\"Effect\":\"Allow\",\"Resource\":\"arn:aws:codeconnections:us-east-2:077784309645:connection/27d89f46-7cb6-40c2-a55e-327dda887d75\"}]}"
              }
            ],
            "managed_policy_arns": [],
            "max_session_duration": 3600,
            "name": "commercial-manager-codepipeline-role",
            "name_prefix": "",
            "path": "/",
            "permissions_boundary": "",
            "tags": {},
            "tags_all": {},
            "unique_id": "AROAREHCOL6GZNGI6H6TP"
          },
          "sensitive_attributes": [],
          "identity_schema_version": 0,
          "identity": {
            "account_id": "077784309645",
            "name": "commercial-manager-codepipeline-role"
          },
          "private": "bnVsbA=="
        }
      ]
    },
    {
      "module": "module.codepipeline",
      "mode": "managed",
      "type": "aws_iam_role_policy",
      "name": "codebuild_policy",
      "provider": "provider[\"registry.terraform.io/hashicorp/aws\"]",
      "instances": [
        {
          "schema_version": 0,
          "attributes": {
            "id": "commercial-manager-codebuild-role:commercial-manager-codebuild-policy",
            "name": "commercial-manager-codebuild-policy",
            "name_prefix": "",
            "policy": "{\"Version\":\"2012-10-17\",\"Statement\":[{\"Action\":[\"logs:CreateLogGroup\",\"logs:CreateLogStream\",\"logs:PutLogEvents\"],\"Effect\":\"Allow\",\"Resource\":\"arn:aws:logs:us-east-1:077784309645:log-group:/aws/codebuild/commercial-manager-build:*\"},{\"Action\":[\"s3:GetObject\",\"s3:PutObject\",\"s3:GetBucketVersioning\",\"s3:ListBucket\"],\"Effect\":\"Allow\",\"Resource\":[\"arn:aws:s3:::commercial-manager-codepipeline-artifacts-us-east-1\",\"arn:aws:s3:::commercial-manager-codepipeline-artifacts-us-east-1/*\"]},{\"Action\":[\"ecr:GetDownloadUrlForLayer\",\"ecr:BatchGetImage\",\"ecr:BatchCheckLayerAvailability\",\"ecr:PutImage\",\"ecr:InitiateLayerUpload\",\"ecr:UploadLayerPart\",\"ecr:CompleteLayerUpload\",\"ecr:GetAuthorizationToken\"],\"Effect\":\"Allow\",\"Resource\":\"arn:aws:ecr:us-east-1:077784309645:repository/commercial-manager-repository\"}]}",
            "role": "commercial-manager-codebuild-role"
          },
          "sensitive_attributes": [],
          "identity_schema_version": 0,
          "identity": {
            "account_id": "077784309645",
            "name": "commercial-manager-codebuild-policy",
            "role": "commercial-manager-codebuild-role"
          },
          "private": "bnVsbA==",
          "dependencies": [
            "module.codepipeline.aws_iam_role.codebuild_role",
            "module.codepipeline.aws_s3_bucket.codepipeline_artifacts",
            "module.codepipeline.data.aws_caller_identity.current",
            "module.ecr.aws_ecr_repository.app_repo"
          ]
        }
      ]
    },
    {
      "module": "module.codepipeline",
      "mode": "managed",
      "type": "aws_iam_role_policy",
      "name": "codepipeline_policy",
      "provider": "provider[\"registry.terraform.io/hashicorp/aws\"]",
      "instances": [
        {
          "schema_version": 0,
          "attributes": {
            "id": "commercial-manager-codepipeline-role:commercial-manager-codepipeline-policy",
            "name": "commercial-manager-codepipeline-policy",
            "name_prefix": "",
            "policy": "{\"Version\":\"2012-10-17\",\"Statement\":[{\"Action\":[\"s3:GetObject\",\"s3:PutObject\",\"s3:PutObjectAcl\",\"s3:GetBucketVersioning\",\"s3:ListBucket\"],\"Effect\":\"Allow\",\"Resource\":[\"arn:aws:s3:::commercial-manager-codepipeline-artifacts-us-east-1\",\"arn:aws:s3:::commercial-manager-codepipeline-artifacts-us-east-1/*\"]},{\"Action\":[\"codebuild:BatchGetBuilds\",\"codebuild:StartBuild\"],\"Effect\":\"Allow\",\"Resource\":\"arn:aws:codebuild:us-east-1:077784309645:project/commercial-manager-build\"},{\"Action\":[\"ecr:GetDownloadUrlForLayer\",\"ecr:BatchGetImage\",\"ecr:BatchCheckLayerAvailability\",\"ecr:PutImage\",\"ecr:InitiateLayerUpload\",\"ecr:UploadLayerPart\",\"ecr:CompleteLayerUpload\",\"ecr:GetAuthorizationToken\"],\"Effect\":\"Allow\",\"Resource\":\"arn:aws:ecr:us-east-1:077784309645:repository/commercial-manager-repository\"},{\"Action\":[\"codestar-connections:UseConnection\"],\"Effect\":\"Allow\",\"Resource\":\"arn:aws:codeconnections:us-east-2:077784309645:connection/27d89f46-7cb6-40c2-a55e-327dda887d75\"}]}",
            "role": "commercial-manager-codepipeline-role"
          },
          "sensitive_attributes": [],
          "identity_schema_version": 0,
          "identity": {
            "account_id": "077784309645",
            "name": "commercial-manager-codepipeline-policy",
            "role": "commercial-manager-codepipeline-role"
          },
          "private": "bnVsbA==",
          "dependencies": [
            "module.codepipeline.aws_codebuild_project.app_build",
            "module.codepipeline.aws_iam_role.codebuild_role",
            "module.codepipeline.aws_iam_role.codepipeline_role",
            "module.codepipeline.aws_s3_bucket.codepipeline_artifacts",
            "module.codepipeline.data.aws_caller_identity.current",
            "module.ecr.aws_ecr_repository.app_repo"
          ]
        }
      ]
    },
    {
      "module": "module.codepipeline",
      "mode": "managed",
      "type": "aws_s3_bucket",
      "name": "codepipeline_artifacts",
      "provider": "provider[\"registry.terraform.io/hashicorp/aws\"]",
      "instances": [
        {
          "schema_version": 0,
          "attributes": {
            "acceleration_status": "",
            "acl": "private",
            "arn": "arn:aws:s3:::commercial-manager-codepipeline-artifacts-us-east-1",
            "bucket": "commercial-manager-codepipeline-artifacts-us-east-1",
            "bucket_domain_name": "commercial-manager-codepipeline-artifacts-us-east-1.s3.amazonaws.com",
            "bucket_prefix": "",
            "bucket_region": "us-east-1",
            "bucket_regional_domain_name": "commercial-manager-codepipeline-artifacts-us-east-1.s3.us-east-1.amazonaws.com",
            "cors_rule": [],
            "force_destroy": false,
            "grant": [
              {
                "id": "0d469f26f04c649d72245a18106d269619036ae920b72f3ce404290d375e4920",
                "permissions": [
                  "FULL_CONTROL"
                ],
                "type": "CanonicalUser",
                "uri": ""
              }
            ],
            "hosted_zone_id": "Z3AQBSTGFYJSTF",
            "id": "commercial-manager-codepipeline-artifacts-us-east-1",
            "lifecycle_rule": [],
            "logging": [],
            "object_lock_configuration": [],
            "object_lock_enabled": false,
            "policy": "",
            "region": "us-east-1",
            "replication_configuration": [],
            "request_payer": "BucketOwner",
            "server_side_encryption_configuration": [
              {
                "rule": [
                  {
                    "apply_server_side_encryption_by_default": [
                      {
                        "kms_master_key_id": "",
                        "sse_algorithm": "AES256"
                      }
                    ],
                    "bucket_key_enabled": false
                  }
                ]
              }
            ],
            "tags": {
              "Project": "commercial-manager"
            },
            "tags_all": {
              "Project": "commercial-manager"
            },
            "timeouts": null,
            "versioning": [
              {
                "enabled": true,
                "mfa_delete": false
              }
            ],
            "website": [],
            "website_domain": null,
            "website_endpoint": null
          },
          "sensitive_attributes": [],
          "identity_schema_version": 0,
          "identity": {
            "account_id": "077784309645",
            "bucket": "commercial-manager-codepipeline-artifacts-us-east-1",
            "region": "us-east-1"
          },
          "private": "eyJlMmJmYjczMC1lY2FhLTExZTYtOGY4OC0zNDM2M2JjN2M0YzAiOnsiY3JlYXRlIjoxMjAwMDAwMDAwMDAwLCJkZWxldGUiOjM2MDAwMDAwMDAwMDAsInJlYWQiOjEyMDAwMDAwMDAwMDAsInVwZGF0ZSI6MTIwMDAwMDAwMDAwMH19"
        }
      ]
    },
    {
      "module": "module.ecr",
      "mode": "managed",
      "type": "aws_ecr_lifecycle_policy",
      "name": "app_repo_policy",
      "provider": "provider[\"registry.terraform.io/hashicorp/aws\"]",
      "instances": [
        {
          "schema_version": 0,
          "attributes": {
            "id": "commercial-manager-repository",
            "policy": "{\"rules\":[{\"action\":{\"type\":\"expire\"},\"description\":\"Expire images older than 30 days\",\"rulePriority\":1,\"selection\":{\"countNumber\":30,\"countType\":\"sinceImagePushed\",\"countUnit\":\"days\",\"tagStatus\":\"untagged\"}}]}",
            "region": "us-east-1",
            "registry_id": "077784309645",
            "repository": "commercial-manager-repository"
          },
          "sensitive_attributes": [],
          "identity_schema_version": 0,
          "private": "bnVsbA==",
          "dependencies": [
            "module.ecr.aws_ecr_repository.app_repo"
          ]
        }
      ]
    },
    {
      "module": "module.ecr",
      "mode": "managed",
      "type": "aws_ecr_repository",
      "name": "app_repo",
      "provider": "provider[\"registry.terraform.io/hashicorp/aws\"]",
      "instances": [
        {
          "schema_version": 0,
          "attributes": {
            "arn": "arn:aws:ecr:us-east-1:077784309645:repository/commercial-manager-repository",
            "encryption_configuration": [
              {
                "encryption_type": "AES256",
                "kms_key": ""
              }
            ],
            "force_delete": null,
            "id": "commercial-manager-repository",
            "image_scanning_configuration": [
              {
                "scan_on_push": true
              }
            ],
            "image_tag_mutability": "IMMUTABLE",
            "image_tag_mutability_exclusion_filter": [],
            "name": "commercial-manager-repository",
            "region": "us-east-1",
            "registry_id": "077784309645",
            "repository_url": "077784309645.dkr.ecr.us-east-1.amazonaws.com/commercial-manager-repository",
            "tags": {},
            "tags_all": {},
            "timeouts": null
          },
          "sensitive_attributes": [],
          "identity_schema_version": 0,
          "private": "eyJlMmJmYjczMC1lY2FhLTExZTYtOGY4OC0zNDM2M2JjN2M0YzAiOnsiZGVsZXRlIjoxMjAwMDAwMDAwMDAwfX0="
        }
      ]
    }
  ],
  "check_results": null
}
